PODS:
  - Alamofire (4.7.2)
  - Crashlytics (3.10.2):
    - Fabric (~> 1.7.7)
  - Fabric (1.7.7)
  - Nimble (7.1.2)
  - Quick (1.3.0)
  - SwiftLint (0.26.0)

DEPENDENCIES:
  - Alamofire
  - Crashlytics
  - Fabric
  - Nimble
  - Quick
  - SwiftLint

SPEC REPOS:
  https://github.com/cocoapods/specs.git:
    - Alamofire
    - Crashlytics
    - Fabric
    - Nimble
    - Quick
    - SwiftLint

SPEC CHECKSUMS:
  Alamofire: e4fa87002c137ba2d8d634d2c51fabcda0d5c223
  Crashlytics: 0360624eea1c978a743feddb2fb1ef8b37fb7a0d
  Fabric: bda89e242bce1b7b8ab264248cf3407774ce0095
  Nimble: 3835ba9f459daa6b347f8a8e110aaae8ca1920a8
  Quick: 03278013f71aa05fe9ecabc94fbcc6835f1ee76f
  SwiftLint: f6b83e8d95ee1e91e11932d843af4fdcbf3fc764

PODFILE CHECKSUM: 0d0776b390496e1980437d2ec27361f16ca60892

COCOAPODS: 1.5.3
