PODS:
  - Alamofire (4.6.0)
  - Nimble (7.0.3)
  - Quick (1.2.0)

DEPENDENCIES:
  - Alamofire
  - Nimble
  - Quick

SPEC CHECKSUMS:
  Alamofire: f41a599bd63041760b26d393ec1069d9d7b917f4
  Nimble: 7f5a9c447a33002645a071bddafbfb24ea70e0ac
  Quick: 58d203b1c5e27fff7229c4c1ae445ad7069a7a08

PODFILE CHECKSUM: 1c75bd40a2e14651ee96ba84a94e6f930d611cb6

COCOAPODS: 1.4.0
