// !$*UTF8*$!
{
	archiveVersion = 1;
	classes = {
	};
	objectVersion = 48;
	objects = {

/* Begin PBXBuildFile section */
		216899C52057924A00217C63 /* Constants.swift in Sources */ = {isa = PBXBuildFile; fileRef = 216899C42057924A00217C63 /* Constants.swift */; };
		216899C62057924A00217C63 /* Constants.swift in Sources */ = {isa = PBXBuildFile; fileRef = 216899C42057924A00217C63 /* Constants.swift */; };
		217C1D382050F0020087F6F0 /* AppDelegate.swift in Sources */ = {isa = PBXBuildFile; fileRef = 217C1D372050F0020087F6F0 /* AppDelegate.swift */; };
		217C1D3A2050F0020087F6F0 /* ViewController.swift in Sources */ = {isa = PBXBuildFile; fileRef = 217C1D392050F0020087F6F0 /* ViewController.swift */; };
		217C1D3D2050F0020087F6F0 /* Main.storyboard in Resources */ = {isa = PBXBuildFile; fileRef = 217C1D3B2050F0020087F6F0 /* Main.storyboard */; };
		217C1D3F2050F0020087F6F0 /* Assets.xcassets in Resources */ = {isa = PBXBuildFile; fileRef = 217C1D3E2050F0020087F6F0 /* Assets.xcassets */; };
		217C1D422050F0020087F6F0 /* LaunchScreen.storyboard in Resources */ = {isa = PBXBuildFile; fileRef = 217C1D402050F0020087F6F0 /* LaunchScreen.storyboard */; };
		217C1D4D2050F0020087F6F0 /* __PROJECTNAME__Tests.swift in Sources */ = {isa = PBXBuildFile; fileRef = 217C1D4C2050F0020087F6F0 /* __PROJECTNAME__Tests.swift */; };
		217C1D582050F0020087F6F0 /* __PROJECTNAME__UITests.swift in Sources */ = {isa = PBXBuildFile; fileRef = 217C1D572050F0020087F6F0 /* __PROJECTNAME__UITests.swift */; };
		217C1D682050F5270087F6F0 /* ViewController.swift in Sources */ = {isa = PBXBuildFile; fileRef = 217C1D392050F0020087F6F0 /* ViewController.swift */; };
		217C1D692050F5270087F6F0 /* AppDelegate.swift in Sources */ = {isa = PBXBuildFile; fileRef = 217C1D372050F0020087F6F0 /* AppDelegate.swift */; };
		217C1D6D2050F5270087F6F0 /* LaunchScreen.storyboard in Resources */ = {isa = PBXBuildFile; fileRef = 217C1D402050F0020087F6F0 /* LaunchScreen.storyboard */; };
		217C1D6E2050F5270087F6F0 /* Assets.xcassets in Resources */ = {isa = PBXBuildFile; fileRef = 217C1D3E2050F0020087F6F0 /* Assets.xcassets */; };
		217C1D6F2050F5270087F6F0 /* Main.storyboard in Resources */ = {isa = PBXBuildFile; fileRef = 217C1D3B2050F0020087F6F0 /* Main.storyboard */; };
		4642FC86D41A178450B3F19D /* Pods___PROJECTNAME__Tests.framework in Frameworks */ = {isa = PBXBuildFile; fileRef = D90A535B872E4CE7A98E933E /* Pods___PROJECTNAME__Tests.framework */; };
		8AC847EA8277877ED8843EFC /* Pods___PROJECTNAME___staging.framework in Frameworks */ = {isa = PBXBuildFile; fileRef = 524F6609AC3E493EF745F50E /* Pods___PROJECTNAME___staging.framework */; };
		B8064E863A5E1F6A5D0B63CA /* Pods___PROJECTNAME__.framework in Frameworks */ = {isa = PBXBuildFile; fileRef = 3D679C0B64F09382E58E1DA0 /* Pods___PROJECTNAME__.framework */; };
		D136B71F0F11EFA15D105C1C /* Pods___PROJECTNAME__UITests.framework in Frameworks */ = {isa = PBXBuildFile; fileRef = 55CD6504A16D6C4B23D8E42B /* Pods___PROJECTNAME__UITests.framework */; };
/* End PBXBuildFile section */

/* Begin PBXContainerItemProxy section */
		217C1D492050F0020087F6F0 /* PBXContainerItemProxy */ = {
			isa = PBXContainerItemProxy;
			containerPortal = 217C1D2C2050F0020087F6F0 /* Project object */;
			proxyType = 1;
			remoteGlobalIDString = 217C1D332050F0020087F6F0;
			remoteInfo = "{project-name}";
		};
		217C1D542050F0020087F6F0 /* PBXContainerItemProxy */ = {
			isa = PBXContainerItemProxy;
			containerPortal = 217C1D2C2050F0020087F6F0 /* Project object */;
			proxyType = 1;
			remoteGlobalIDString = 217C1D332050F0020087F6F0;
			remoteInfo = "{project-name}";
		};
/* End PBXContainerItemProxy section */

/* Begin PBXFileReference section */
		097B219A8527268F852E6928 /* Pods-__PROJECTNAME__ staging.debug.xcconfig */ = {isa = PBXFileReference; includeInIndex = 1; lastKnownFileType = text.xcconfig; name = "Pods-__PROJECTNAME__ staging.debug.xcconfig"; path = "Pods/Target Support Files/Pods-__PROJECTNAME__ staging/Pods-__PROJECTNAME__ staging.debug.xcconfig"; sourceTree = "<group>"; };
		216899C42057924A00217C63 /* Constants.swift */ = {isa = PBXFileReference; lastKnownFileType = sourcecode.swift; path = Constants.swift; sourceTree = "<group>"; };
		217C1D342050F0020087F6F0 /* __PROJECTNAME__.app */ = {isa = PBXFileReference; explicitFileType = wrapper.application; includeInIndex = 0; path = __PROJECTNAME__.app; sourceTree = BUILT_PRODUCTS_DIR; };
		217C1D372050F0020087F6F0 /* AppDelegate.swift */ = {isa = PBXFileReference; lastKnownFileType = sourcecode.swift; path = AppDelegate.swift; sourceTree = "<group>"; };
		217C1D392050F0020087F6F0 /* ViewController.swift */ = {isa = PBXFileReference; lastKnownFileType = sourcecode.swift; path = ViewController.swift; sourceTree = "<group>"; };
		217C1D3C2050F0020087F6F0 /* Base */ = {isa = PBXFileReference; lastKnownFileType = file.storyboard; name = Base; path = Base.lproj/Main.storyboard; sourceTree = "<group>"; };
		217C1D3E2050F0020087F6F0 /* Assets.xcassets */ = {isa = PBXFileReference; lastKnownFileType = folder.assetcatalog; path = Assets.xcassets; sourceTree = "<group>"; };
		217C1D412050F0020087F6F0 /* Base */ = {isa = PBXFileReference; lastKnownFileType = file.storyboard; name = Base; path = Base.lproj/LaunchScreen.storyboard; sourceTree = "<group>"; };
		217C1D432050F0020087F6F0 /* Info.plist */ = {isa = PBXFileReference; lastKnownFileType = text.plist.xml; path = Info.plist; sourceTree = "<group>"; };
		217C1D482050F0020087F6F0 /* __PROJECTNAME__Tests.xctest */ = {isa = PBXFileReference; explicitFileType = wrapper.cfbundle; includeInIndex = 0; path = __PROJECTNAME__Tests.xctest; sourceTree = BUILT_PRODUCTS_DIR; };
		217C1D4C2050F0020087F6F0 /* __PROJECTNAME__Tests.swift */ = {isa = PBXFileReference; lastKnownFileType = sourcecode.swift; path = __PROJECTNAME__Tests.swift; sourceTree = "<group>"; };
		217C1D4E2050F0020087F6F0 /* Info.plist */ = {isa = PBXFileReference; lastKnownFileType = text.plist.xml; path = Info.plist; sourceTree = "<group>"; };
		217C1D532050F0020087F6F0 /* __PROJECTNAME__UITests.xctest */ = {isa = PBXFileReference; explicitFileType = wrapper.cfbundle; includeInIndex = 0; path = __PROJECTNAME__UITests.xctest; sourceTree = BUILT_PRODUCTS_DIR; };
		217C1D572050F0020087F6F0 /* __PROJECTNAME__UITests.swift */ = {isa = PBXFileReference; lastKnownFileType = sourcecode.swift; path = __PROJECTNAME__UITests.swift; sourceTree = "<group>"; };
		217C1D592050F0020087F6F0 /* Info.plist */ = {isa = PBXFileReference; lastKnownFileType = text.plist.xml; path = Info.plist; sourceTree = "<group>"; };
		217C1D752050F5270087F6F0 /* __PROJECTNAME__ staging.app */ = {isa = PBXFileReference; explicitFileType = wrapper.application; includeInIndex = 0; path = "__PROJECTNAME__ staging.app"; sourceTree = BUILT_PRODUCTS_DIR; };
		217C1D762050F5270087F6F0 /* __PROJECTNAME__ staging-Info.plist */ = {isa = PBXFileReference; lastKnownFileType = text.plist.xml; path = "__PROJECTNAME__ staging-Info.plist"; sourceTree = "<group>"; };
		25A45FDC847A80E04A878AFF /* Pods__project_name_Tests.framework */ = {isa = PBXFileReference; explicitFileType = wrapper.framework; includeInIndex = 0; path = Pods__project_name_Tests.framework; sourceTree = BUILT_PRODUCTS_DIR; };
		2FCB42D59B703B439450CD5F /* Pods-{project-name}.debug.xcconfig */ = {isa = PBXFileReference; includeInIndex = 1; lastKnownFileType = text.xcconfig; name = "Pods-{project-name}.debug.xcconfig"; path = "Pods/Target Support Files/Pods-{project-name}/Pods-{project-name}.debug.xcconfig"; sourceTree = "<group>"; };
		3BC08EB0126389173A1425B3 /* Pods-__PROJECTNAME__Tests.release.xcconfig */ = {isa = PBXFileReference; includeInIndex = 1; lastKnownFileType = text.xcconfig; name = "Pods-__PROJECTNAME__Tests.release.xcconfig"; path = "Pods/Target Support Files/Pods-__PROJECTNAME__Tests/Pods-__PROJECTNAME__Tests.release.xcconfig"; sourceTree = "<group>"; };
		3D679C0B64F09382E58E1DA0 /* Pods___PROJECTNAME__.framework */ = {isa = PBXFileReference; explicitFileType = wrapper.framework; includeInIndex = 0; path = "Pods___PROJECTNAME__.framework"; sourceTree = BUILT_PRODUCTS_DIR; };
		46B1F626D8B9D9981C47CE55 /* Pods__project_name__staging.framework */ = {isa = PBXFileReference; explicitFileType = wrapper.framework; includeInIndex = 0; path = Pods__project_name__staging.framework; sourceTree = BUILT_PRODUCTS_DIR; };
		524F6609AC3E493EF745F50E /* Pods___PROJECTNAME___staging.framework */ = {isa = PBXFileReference; explicitFileType = wrapper.framework; includeInIndex = 0; path = "Pods___PROJECTNAME___staging.framework"; sourceTree = BUILT_PRODUCTS_DIR; };
		55CD6504A16D6C4B23D8E42B /* Pods___PROJECTNAME__UITests.framework */ = {isa = PBXFileReference; explicitFileType = wrapper.framework; includeInIndex = 0; path = "Pods___PROJECTNAME__UITests.framework"; sourceTree = BUILT_PRODUCTS_DIR; };
		5E0682DDABFB49EBA461409E /* Pods-__PROJECTNAME__Tests.debug.xcconfig */ = {isa = PBXFileReference; includeInIndex = 1; lastKnownFileType = text.xcconfig; name = "Pods-__PROJECTNAME__Tests.debug.xcconfig"; path = "Pods/Target Support Files/Pods-__PROJECTNAME__Tests/Pods-__PROJECTNAME__Tests.debug.xcconfig"; sourceTree = "<group>"; };
		7282630ABBA1ED0818200DBE /* Pods-__PROJECTNAME__.debug.xcconfig */ = {isa = PBXFileReference; includeInIndex = 1; lastKnownFileType = text.xcconfig; name = "Pods-__PROJECTNAME__.debug.xcconfig"; path = "Pods/Target Support Files/Pods-__PROJECTNAME__/Pods-__PROJECTNAME__.debug.xcconfig"; sourceTree = "<group>"; };
		7D6AE4501C5BEC6255B37893 /* Pods-{project-name} staging.release.xcconfig */ = {isa = PBXFileReference; includeInIndex = 1; lastKnownFileType = text.xcconfig; name = "Pods-{project-name} staging.release.xcconfig"; path = "Pods/Target Support Files/Pods-{project-name} staging/Pods-{project-name} staging.release.xcconfig"; sourceTree = "<group>"; };
		9231359D701969F471B88529 /* Pods-{project-name} staging.debug.xcconfig */ = {isa = PBXFileReference; includeInIndex = 1; lastKnownFileType = text.xcconfig; name = "Pods-{project-name} staging.debug.xcconfig"; path = "Pods/Target Support Files/Pods-{project-name} staging/Pods-{project-name} staging.debug.xcconfig"; sourceTree = "<group>"; };
		97052AD1082FED5F66E7E2B6 /* Pods-{project-name}UITests.debug.xcconfig */ = {isa = PBXFileReference; includeInIndex = 1; lastKnownFileType = text.xcconfig; name = "Pods-{project-name}UITests.debug.xcconfig"; path = "Pods/Target Support Files/Pods-{project-name}UITests/Pods-{project-name}UITests.debug.xcconfig"; sourceTree = "<group>"; };
		99D1A41D439AB2F8958E90DD /* Pods__project_name_UITests.framework */ = {isa = PBXFileReference; explicitFileType = wrapper.framework; includeInIndex = 0; path = Pods__project_name_UITests.framework; sourceTree = BUILT_PRODUCTS_DIR; };
		9E1B15D4FCBB89611245E755 /* Pods-{project-name}UITests.release.xcconfig */ = {isa = PBXFileReference; includeInIndex = 1; lastKnownFileType = text.xcconfig; name = "Pods-{project-name}UITests.release.xcconfig"; path = "Pods/Target Support Files/Pods-{project-name}UITests/Pods-{project-name}UITests.release.xcconfig"; sourceTree = "<group>"; };
		9EFDECCDAA99DC6EC2099605 /* Pods-{project-name} staging-{project-name}UITests.release.xcconfig */ = {isa = PBXFileReference; includeInIndex = 1; lastKnownFileType = text.xcconfig; name = "Pods-{project-name} staging-{project-name}UITests.release.xcconfig"; path = "Pods/Target Support Files/Pods-{project-name} staging-{project-name}UITests/Pods-{project-name} staging-{project-name}UITests.release.xcconfig"; sourceTree = "<group>"; };
		A69700FCE2EBB6C93D3A4C0D /* Pods-{project-name}Tests.debug.xcconfig */ = {isa = PBXFileReference; includeInIndex = 1; lastKnownFileType = text.xcconfig; name = "Pods-{project-name}Tests.debug.xcconfig"; path = "Pods/Target Support Files/Pods-{project-name}Tests/Pods-{project-name}Tests.debug.xcconfig"; sourceTree = "<group>"; };
		AD2D7B9174C3D80BE71092B8 /* Pods-__PROJECTNAME__UITests.release.xcconfig */ = {isa = PBXFileReference; includeInIndex = 1; lastKnownFileType = text.xcconfig; name = "Pods-__PROJECTNAME__UITests.release.xcconfig"; path = "Pods/Target Support Files/Pods-__PROJECTNAME__UITests/Pods-__PROJECTNAME__UITests.release.xcconfig"; sourceTree = "<group>"; };
		AEB40B0935558BD8ED6E7D33 /* Pods-{project-name} staging-{project-name}Tests.release.xcconfig */ = {isa = PBXFileReference; includeInIndex = 1; lastKnownFileType = text.xcconfig; name = "Pods-{project-name} staging-{project-name}Tests.release.xcconfig"; path = "Pods/Target Support Files/Pods-{project-name} staging-{project-name}Tests/Pods-{project-name} staging-{project-name}Tests.release.xcconfig"; sourceTree = "<group>"; };
		B316E2781C4223CDEF021863 /* Pods-__PROJECTNAME__.release.xcconfig */ = {isa = PBXFileReference; includeInIndex = 1; lastKnownFileType = text.xcconfig; name = "Pods-__PROJECTNAME__.release.xcconfig"; path = "Pods/Target Support Files/Pods-__PROJECTNAME__/Pods-__PROJECTNAME__.release.xcconfig"; sourceTree = "<group>"; };
		B3713050AF6D8CA4911749D2 /* Pods-__PROJECTNAME__UITests.debug.xcconfig */ = {isa = PBXFileReference; includeInIndex = 1; lastKnownFileType = text.xcconfig; name = "Pods-__PROJECTNAME__UITests.debug.xcconfig"; path = "Pods/Target Support Files/Pods-__PROJECTNAME__UITests/Pods-__PROJECTNAME__UITests.debug.xcconfig"; sourceTree = "<group>"; };
		B37FB3B7E65E8DC245BD31F1 /* Pods-__PROJECTNAME__ staging.release.xcconfig */ = {isa = PBXFileReference; includeInIndex = 1; lastKnownFileType = text.xcconfig; name = "Pods-__PROJECTNAME__ staging.release.xcconfig"; path = "Pods/Target Support Files/Pods-__PROJECTNAME__ staging/Pods-__PROJECTNAME__ staging.release.xcconfig"; sourceTree = "<group>"; };
		C057440DDAFF5390746303CD /* Pods__project_name__staging__project_name_Tests.framework */ = {isa = PBXFileReference; explicitFileType = wrapper.framework; includeInIndex = 0; path = Pods__project_name__staging__project_name_Tests.framework; sourceTree = BUILT_PRODUCTS_DIR; };
		C431DE63179CB68B668C50DF /* Pods__project_name__staging__project_name_UITests.framework */ = {isa = PBXFileReference; explicitFileType = wrapper.framework; includeInIndex = 0; path = Pods__project_name__staging__project_name_UITests.framework; sourceTree = BUILT_PRODUCTS_DIR; };
		C6E88D509E4ABF6FF4949F52 /* Pods-{project-name}Tests.release.xcconfig */ = {isa = PBXFileReference; includeInIndex = 1; lastKnownFileType = text.xcconfig; name = "Pods-{project-name}Tests.release.xcconfig"; path = "Pods/Target Support Files/Pods-{project-name}Tests/Pods-{project-name}Tests.release.xcconfig"; sourceTree = "<group>"; };
		D6D0E7FE373BA9AE9584684D /* Pods-{project-name}.release.xcconfig */ = {isa = PBXFileReference; includeInIndex = 1; lastKnownFileType = text.xcconfig; name = "Pods-{project-name}.release.xcconfig"; path = "Pods/Target Support Files/Pods-{project-name}/Pods-{project-name}.release.xcconfig"; sourceTree = "<group>"; };
		D90A535B872E4CE7A98E933E /* Pods___PROJECTNAME__Tests.framework */ = {isa = PBXFileReference; explicitFileType = wrapper.framework; includeInIndex = 0; path = "Pods___PROJECTNAME__Tests.framework"; sourceTree = BUILT_PRODUCTS_DIR; };
		E68F567DFFF7E32765B41CBC /* Pods-{project-name} staging-{project-name}UITests.debug.xcconfig */ = {isa = PBXFileReference; includeInIndex = 1; lastKnownFileType = text.xcconfig; name = "Pods-{project-name} staging-{project-name}UITests.debug.xcconfig"; path = "Pods/Target Support Files/Pods-{project-name} staging-{project-name}UITests/Pods-{project-name} staging-{project-name}UITests.debug.xcconfig"; sourceTree = "<group>"; };
		E904ACE64731C9A2DA05E100 /* Pods-{project-name} staging-{project-name}Tests.debug.xcconfig */ = {isa = PBXFileReference; includeInIndex = 1; lastKnownFileType = text.xcconfig; name = "Pods-{project-name} staging-{project-name}Tests.debug.xcconfig"; path = "Pods/Target Support Files/Pods-{project-name} staging-{project-name}Tests/Pods-{project-name} staging-{project-name}Tests.debug.xcconfig"; sourceTree = "<group>"; };
		EB3FD7F1AFC90C26B2C27219 /* Pods__project_name_.framework */ = {isa = PBXFileReference; explicitFileType = wrapper.framework; includeInIndex = 0; path = Pods__project_name_.framework; sourceTree = BUILT_PRODUCTS_DIR; };
/* End PBXFileReference section */

/* Begin PBXFrameworksBuildPhase section */
		217C1D312050F0020087F6F0 /* Frameworks */ = {
			isa = PBXFrameworksBuildPhase;
			buildActionMask = 2147483647;
			files = (
				B8064E863A5E1F6A5D0B63CA /* Pods___PROJECTNAME__.framework in Frameworks */,
			);
			runOnlyForDeploymentPostprocessing = 0;
		};
		217C1D452050F0020087F6F0 /* Frameworks */ = {
			isa = PBXFrameworksBuildPhase;
			buildActionMask = 2147483647;
			files = (
				4642FC86D41A178450B3F19D /* Pods___PROJECTNAME__Tests.framework in Frameworks */,
			);
			runOnlyForDeploymentPostprocessing = 0;
		};
		217C1D502050F0020087F6F0 /* Frameworks */ = {
			isa = PBXFrameworksBuildPhase;
			buildActionMask = 2147483647;
			files = (
				D136B71F0F11EFA15D105C1C /* Pods___PROJECTNAME__UITests.framework in Frameworks */,
			);
			runOnlyForDeploymentPostprocessing = 0;
		};
		217C1D6A2050F5270087F6F0 /* Frameworks */ = {
			isa = PBXFrameworksBuildPhase;
			buildActionMask = 2147483647;
			files = (
				8AC847EA8277877ED8843EFC /* Pods___PROJECTNAME___staging.framework in Frameworks */,
			);
			runOnlyForDeploymentPostprocessing = 0;
		};
/* End PBXFrameworksBuildPhase section */

/* Begin PBXGroup section */
		09E5186219A9EBB60EBA0150 /* Pods */ = {
			isa = PBXGroup;
			children = (
				2FCB42D59B703B439450CD5F /* Pods-{project-name}.debug.xcconfig */,
				D6D0E7FE373BA9AE9584684D /* Pods-{project-name}.release.xcconfig */,
				A69700FCE2EBB6C93D3A4C0D /* Pods-{project-name}Tests.debug.xcconfig */,
				C6E88D509E4ABF6FF4949F52 /* Pods-{project-name}Tests.release.xcconfig */,
				97052AD1082FED5F66E7E2B6 /* Pods-{project-name}UITests.debug.xcconfig */,
				9E1B15D4FCBB89611245E755 /* Pods-{project-name}UITests.release.xcconfig */,
				9231359D701969F471B88529 /* Pods-{project-name} staging.debug.xcconfig */,
				7D6AE4501C5BEC6255B37893 /* Pods-{project-name} staging.release.xcconfig */,
				E904ACE64731C9A2DA05E100 /* Pods-{project-name} staging-{project-name}Tests.debug.xcconfig */,
				AEB40B0935558BD8ED6E7D33 /* Pods-{project-name} staging-{project-name}Tests.release.xcconfig */,
				E68F567DFFF7E32765B41CBC /* Pods-{project-name} staging-{project-name}UITests.debug.xcconfig */,
				9EFDECCDAA99DC6EC2099605 /* Pods-{project-name} staging-{project-name}UITests.release.xcconfig */,
				7282630ABBA1ED0818200DBE /* Pods-__PROJECTNAME__.debug.xcconfig */,
				B316E2781C4223CDEF021863 /* Pods-__PROJECTNAME__.release.xcconfig */,
				097B219A8527268F852E6928 /* Pods-__PROJECTNAME__ staging.debug.xcconfig */,
				B37FB3B7E65E8DC245BD31F1 /* Pods-__PROJECTNAME__ staging.release.xcconfig */,
				5E0682DDABFB49EBA461409E /* Pods-__PROJECTNAME__Tests.debug.xcconfig */,
				3BC08EB0126389173A1425B3 /* Pods-__PROJECTNAME__Tests.release.xcconfig */,
				B3713050AF6D8CA4911749D2 /* Pods-__PROJECTNAME__UITests.debug.xcconfig */,
				AD2D7B9174C3D80BE71092B8 /* Pods-__PROJECTNAME__UITests.release.xcconfig */,
			);
			name = Pods;
			sourceTree = "<group>";
		};
		216899BC2057908000217C63 /* Models */ = {
			isa = PBXGroup;
			children = (
			);
			path = Models;
			sourceTree = "<group>";
		};
		216899BD2057908600217C63 /* Controllers */ = {
			isa = PBXGroup;
			children = (
				217C1D392050F0020087F6F0 /* ViewController.swift */,
			);
			path = Controllers;
			sourceTree = "<group>";
		};
		216899BE2057908B00217C63 /* Views */ = {
			isa = PBXGroup;
			children = (
			);
			path = Views;
			sourceTree = "<group>";
		};
		216899BF2057909100217C63 /* Extensions */ = {
			isa = PBXGroup;
			children = (
			);
			path = Extensions;
			sourceTree = "<group>";
		};
		216899C02057909500217C63 /* Protocols */ = {
			isa = PBXGroup;
			children = (
			);
			path = Protocols;
			sourceTree = "<group>";
		};
		216899C1205790A200217C63 /* Application */ = {
			isa = PBXGroup;
			children = (
				216899C3205790BD00217C63 /* Infos */,
				216899C2205790A600217C63 /* Constants */,
				217C1D372050F0020087F6F0 /* AppDelegate.swift */,
			);
			path = Application;
			sourceTree = "<group>";
		};
		216899C2205790A600217C63 /* Constants */ = {
			isa = PBXGroup;
			children = (
				216899C42057924A00217C63 /* Constants.swift */,
			);
			path = Constants;
			sourceTree = "<group>";
		};
		216899C3205790BD00217C63 /* Infos */ = {
			isa = PBXGroup;
			children = (
				217C1D762050F5270087F6F0 /* __PROJECTNAME__ staging-Info.plist */,
				217C1D432050F0020087F6F0 /* Info.plist */,
			);
			path = Infos;
			sourceTree = "<group>";
		};
		216899C72057930800217C63 /* Services */ = {
			isa = PBXGroup;
			children = (
			);
			path = Services;
			sourceTree = "<group>";
		};
		217C1D2B2050F0020087F6F0 = {
			isa = PBXGroup;
			children = (
				217C1D362050F0020087F6F0 /* __PROJECTNAME__ */,
				217C1D4B2050F0020087F6F0 /* __PROJECTNAME__Tests */,
				217C1D562050F0020087F6F0 /* __PROJECTNAME__UITests */,
				217C1D352050F0020087F6F0 /* Products */,
				09E5186219A9EBB60EBA0150 /* Pods */,
				288AC352E54934D757DABE54 /* Frameworks */,
			);
			sourceTree = "<group>";
		};
		217C1D352050F0020087F6F0 /* Products */ = {
			isa = PBXGroup;
			children = (
				217C1D342050F0020087F6F0 /* __PROJECTNAME__.app */,
				217C1D482050F0020087F6F0 /* __PROJECTNAME__Tests.xctest */,
				217C1D532050F0020087F6F0 /* __PROJECTNAME__UITests.xctest */,
				217C1D752050F5270087F6F0 /* __PROJECTNAME__ staging.app */,
			);
			name = Products;
			sourceTree = "<group>";
		};
		217C1D362050F0020087F6F0 /* __PROJECTNAME__ */ = {
			isa = PBXGroup;
			children = (
				216899C1205790A200217C63 /* Application */,
				216899C72057930800217C63 /* Services */,
				216899C02057909500217C63 /* Protocols */,
				216899BF2057909100217C63 /* Extensions */,
				216899BD2057908600217C63 /* Controllers */,
				216899BE2057908B00217C63 /* Views */,
				216899BC2057908000217C63 /* Models */,
				217C1D3B2050F0020087F6F0 /* Main.storyboard */,
				217C1D3E2050F0020087F6F0 /* Assets.xcassets */,
				217C1D402050F0020087F6F0 /* LaunchScreen.storyboard */,
			);
			path = __PROJECTNAME__;
			sourceTree = "<group>";
		};
		217C1D4B2050F0020087F6F0 /* __PROJECTNAME__Tests */ = {
			isa = PBXGroup;
			children = (
				217C1D4C2050F0020087F6F0 /* __PROJECTNAME__Tests.swift */,
				217C1D4E2050F0020087F6F0 /* Info.plist */,
			);
			path = __PROJECTNAME__Tests;
			sourceTree = "<group>";
		};
		217C1D562050F0020087F6F0 /* __PROJECTNAME__UITests */ = {
			isa = PBXGroup;
			children = (
				217C1D572050F0020087F6F0 /* __PROJECTNAME__UITests.swift */,
				217C1D592050F0020087F6F0 /* Info.plist */,
			);
			path = __PROJECTNAME__UITests;
			sourceTree = "<group>";
		};
		288AC352E54934D757DABE54 /* Frameworks */ = {
			isa = PBXGroup;
			children = (
				EB3FD7F1AFC90C26B2C27219 /* Pods__project_name_.framework */,
				25A45FDC847A80E04A878AFF /* Pods__project_name_Tests.framework */,
				99D1A41D439AB2F8958E90DD /* Pods__project_name_UITests.framework */,
				46B1F626D8B9D9981C47CE55 /* Pods__project_name__staging.framework */,
				C057440DDAFF5390746303CD /* Pods__project_name__staging__project_name_Tests.framework */,
				C431DE63179CB68B668C50DF /* Pods__project_name__staging__project_name_UITests.framework */,
				3D679C0B64F09382E58E1DA0 /* Pods___PROJECTNAME__.framework */,
				524F6609AC3E493EF745F50E /* Pods___PROJECTNAME___staging.framework */,
				D90A535B872E4CE7A98E933E /* Pods___PROJECTNAME__Tests.framework */,
				55CD6504A16D6C4B23D8E42B /* Pods___PROJECTNAME__UITests.framework */,
			);
			name = Frameworks;
			sourceTree = "<group>";
		};
/* End PBXGroup section */

/* Begin PBXNativeTarget section */
		217C1D332050F0020087F6F0 /* __PROJECTNAME__ */ = {
			isa = PBXNativeTarget;
			buildConfigurationList = 217C1D5C2050F0020087F6F0 /* Build configuration list for PBXNativeTarget "__PROJECTNAME__" */;
			buildPhases = (
				8959D9DCC3E5589D2ECAF23F /* [CP] Check Pods Manifest.lock */,
				217C1D302050F0020087F6F0 /* Sources */,
				217C1D312050F0020087F6F0 /* Frameworks */,
				217C1D322050F0020087F6F0 /* Resources */,
				C1DB0E2EE9580E4C9E96938B /* [CP] Embed Pods Frameworks */,
				BA02047A862050959F5AFD68 /* [CP] Copy Pods Resources */,
			);
			buildRules = (
			);
			dependencies = (
			);
			name = __PROJECTNAME__;
			productName = "{project-name}";
			productReference = 217C1D342050F0020087F6F0 /* __PROJECTNAME__.app */;
			productType = "com.apple.product-type.application";
		};
		217C1D472050F0020087F6F0 /* __PROJECTNAME__Tests */ = {
			isa = PBXNativeTarget;
			buildConfigurationList = 217C1D5F2050F0020087F6F0 /* Build configuration list for PBXNativeTarget "__PROJECTNAME__Tests" */;
			buildPhases = (
				946C7A49023B9B4FA89713FD /* [CP] Check Pods Manifest.lock */,
				217C1D442050F0020087F6F0 /* Sources */,
				217C1D452050F0020087F6F0 /* Frameworks */,
				217C1D462050F0020087F6F0 /* Resources */,
				2F670219D36DEB590C2DDB67 /* [CP] Embed Pods Frameworks */,
				3BA9E78CAE39C14259FFDB8D /* [CP] Copy Pods Resources */,
			);
			buildRules = (
			);
			dependencies = (
				217C1D4A2050F0020087F6F0 /* PBXTargetDependency */,
			);
			name = __PROJECTNAME__Tests;
			productName = "{project-name}Tests";
			productReference = 217C1D482050F0020087F6F0 /* __PROJECTNAME__Tests.xctest */;
			productType = "com.apple.product-type.bundle.unit-test";
		};
		217C1D522050F0020087F6F0 /* __PROJECTNAME__UITests */ = {
			isa = PBXNativeTarget;
			buildConfigurationList = 217C1D622050F0020087F6F0 /* Build configuration list for PBXNativeTarget "__PROJECTNAME__UITests" */;
			buildPhases = (
				3702F7C6A257A68212E99C33 /* [CP] Check Pods Manifest.lock */,
				217C1D4F2050F0020087F6F0 /* Sources */,
				217C1D502050F0020087F6F0 /* Frameworks */,
				217C1D512050F0020087F6F0 /* Resources */,
				7EEF49CE5819367BD47438C6 /* [CP] Embed Pods Frameworks */,
				4A7F4D7C7205C44A88AE9CB0 /* [CP] Copy Pods Resources */,
			);
			buildRules = (
			);
			dependencies = (
				217C1D552050F0020087F6F0 /* PBXTargetDependency */,
			);
			name = __PROJECTNAME__UITests;
			productName = "{project-name}UITests";
			productReference = 217C1D532050F0020087F6F0 /* __PROJECTNAME__UITests.xctest */;
			productType = "com.apple.product-type.bundle.ui-testing";
		};
		217C1D652050F5270087F6F0 /* __PROJECTNAME__ staging */ = {
			isa = PBXNativeTarget;
			buildConfigurationList = 217C1D722050F5270087F6F0 /* Build configuration list for PBXNativeTarget "__PROJECTNAME__ staging" */;
			buildPhases = (
				217C1D662050F5270087F6F0 /* [CP] Check Pods Manifest.lock */,
				217C1D672050F5270087F6F0 /* Sources */,
				217C1D6A2050F5270087F6F0 /* Frameworks */,
				217C1D6C2050F5270087F6F0 /* Resources */,
				217C1D702050F5270087F6F0 /* [CP] Embed Pods Frameworks */,
				217C1D712050F5270087F6F0 /* [CP] Copy Pods Resources */,
			);
			buildRules = (
			);
			dependencies = (
			);
			name = "__PROJECTNAME__ staging";
			productName = "{project-name}";
			productReference = 217C1D752050F5270087F6F0 /* __PROJECTNAME__ staging.app */;
			productType = "com.apple.product-type.application";
		};
/* End PBXNativeTarget section */

/* Begin PBXProject section */
		217C1D2C2050F0020087F6F0 /* Project object */ = {
			isa = PBXProject;
			attributes = {
				LastSwiftUpdateCheck = 0920;
				LastUpgradeCheck = 0920;
				ORGANIZATIONNAME = Nimbl3;
				TargetAttributes = {
					217C1D332050F0020087F6F0 = {
						CreatedOnToolsVersion = 9.2;
						ProvisioningStyle = Automatic;
					};
					217C1D472050F0020087F6F0 = {
						CreatedOnToolsVersion = 9.2;
						ProvisioningStyle = Automatic;
						TestTargetID = 217C1D332050F0020087F6F0;
					};
					217C1D522050F0020087F6F0 = {
						CreatedOnToolsVersion = 9.2;
						ProvisioningStyle = Automatic;
						TestTargetID = 217C1D332050F0020087F6F0;
					};
					217C1D652050F5270087F6F0 = {
						ProvisioningStyle = Automatic;
					};
				};
			};
			buildConfigurationList = 217C1D2F2050F0020087F6F0 /* Build configuration list for PBXProject "__PROJECTNAME__" */;
			compatibilityVersion = "Xcode 8.0";
			developmentRegion = en;
			hasScannedForEncodings = 0;
			knownRegions = (
				en,
				Base,
			);
			mainGroup = 217C1D2B2050F0020087F6F0;
			productRefGroup = 217C1D352050F0020087F6F0 /* Products */;
			projectDirPath = "";
			projectRoot = "";
			targets = (
				217C1D332050F0020087F6F0 /* __PROJECTNAME__ */,
				217C1D652050F5270087F6F0 /* __PROJECTNAME__ staging */,
				217C1D472050F0020087F6F0 /* __PROJECTNAME__Tests */,
				217C1D522050F0020087F6F0 /* __PROJECTNAME__UITests */,
			);
		};
/* End PBXProject section */

/* Begin PBXResourcesBuildPhase section */
		217C1D322050F0020087F6F0 /* Resources */ = {
			isa = PBXResourcesBuildPhase;
			buildActionMask = 2147483647;
			files = (
				217C1D422050F0020087F6F0 /* LaunchScreen.storyboard in Resources */,
				217C1D3F2050F0020087F6F0 /* Assets.xcassets in Resources */,
				217C1D3D2050F0020087F6F0 /* Main.storyboard in Resources */,
			);
			runOnlyForDeploymentPostprocessing = 0;
		};
		217C1D462050F0020087F6F0 /* Resources */ = {
			isa = PBXResourcesBuildPhase;
			buildActionMask = 2147483647;
			files = (
			);
			runOnlyForDeploymentPostprocessing = 0;
		};
		217C1D512050F0020087F6F0 /* Resources */ = {
			isa = PBXResourcesBuildPhase;
			buildActionMask = 2147483647;
			files = (
			);
			runOnlyForDeploymentPostprocessing = 0;
		};
		217C1D6C2050F5270087F6F0 /* Resources */ = {
			isa = PBXResourcesBuildPhase;
			buildActionMask = 2147483647;
			files = (
				217C1D6D2050F5270087F6F0 /* LaunchScreen.storyboard in Resources */,
				217C1D6E2050F5270087F6F0 /* Assets.xcassets in Resources */,
				217C1D6F2050F5270087F6F0 /* Main.storyboard in Resources */,
			);
			runOnlyForDeploymentPostprocessing = 0;
		};
/* End PBXResourcesBuildPhase section */

/* Begin PBXShellScriptBuildPhase section */
		217C1D662050F5270087F6F0 /* [CP] Check Pods Manifest.lock */ = {
			isa = PBXShellScriptBuildPhase;
			buildActionMask = 2147483647;
			files = (
			);
			inputPaths = (
				"${PODS_PODFILE_DIR_PATH}/Podfile.lock",
				"${PODS_ROOT}/Manifest.lock",
			);
			name = "[CP] Check Pods Manifest.lock";
			outputPaths = (
				"$(DERIVED_FILE_DIR)/Pods-__PROJECTNAME__ staging-checkManifestLockResult.txt",
			);
			runOnlyForDeploymentPostprocessing = 0;
			shellPath = /bin/sh;
			shellScript = "diff \"${PODS_PODFILE_DIR_PATH}/Podfile.lock\" \"${PODS_ROOT}/Manifest.lock\" > /dev/null\nif [ $? != 0 ] ; then\n    # print error to STDERR\n    echo \"error: The sandbox is not in sync with the Podfile.lock. Run 'pod install' or update your CocoaPods installation.\" >&2\n    exit 1\nfi\n# This output is used by Xcode 'outputs' to avoid re-running this script phase.\necho \"SUCCESS\" > \"${SCRIPT_OUTPUT_FILE_0}\"\n";
			showEnvVarsInLog = 0;
		};
		217C1D702050F5270087F6F0 /* [CP] Embed Pods Frameworks */ = {
			isa = PBXShellScriptBuildPhase;
			buildActionMask = 2147483647;
			files = (
			);
			inputPaths = (
				"${SRCROOT}/Pods/Target Support Files/Pods-__PROJECTNAME__ staging/Pods-__PROJECTNAME__ staging-frameworks.sh",
				"${BUILT_PRODUCTS_DIR}/Alamofire/Alamofire.framework",
			);
			name = "[CP] Embed Pods Frameworks";
			outputPaths = (
				"${TARGET_BUILD_DIR}/${FRAMEWORKS_FOLDER_PATH}/Alamofire.framework",
			);
			runOnlyForDeploymentPostprocessing = 0;
			shellPath = /bin/sh;
			shellScript = "\"${SRCROOT}/Pods/Target Support Files/Pods-__PROJECTNAME__ staging/Pods-__PROJECTNAME__ staging-frameworks.sh\"\n";
			showEnvVarsInLog = 0;
		};
		217C1D712050F5270087F6F0 /* [CP] Copy Pods Resources */ = {
			isa = PBXShellScriptBuildPhase;
			buildActionMask = 2147483647;
			files = (
			);
			inputPaths = (
			);
			name = "[CP] Copy Pods Resources";
			outputPaths = (
			);
			runOnlyForDeploymentPostprocessing = 0;
			shellPath = /bin/sh;
			shellScript = "\"${SRCROOT}/Pods/Target Support Files/Pods-__PROJECTNAME__ staging/Pods-__PROJECTNAME__ staging-resources.sh\"\n";
			showEnvVarsInLog = 0;
		};
		2F670219D36DEB590C2DDB67 /* [CP] Embed Pods Frameworks */ = {
			isa = PBXShellScriptBuildPhase;
			buildActionMask = 2147483647;
			files = (
			);
			inputPaths = (
				"${SRCROOT}/Pods/Target Support Files/Pods-__PROJECTNAME__Tests/Pods-__PROJECTNAME__Tests-frameworks.sh",
				"${BUILT_PRODUCTS_DIR}/Nimble/Nimble.framework",
				"${BUILT_PRODUCTS_DIR}/Quick/Quick.framework",
			);
			name = "[CP] Embed Pods Frameworks";
			outputPaths = (
				"${TARGET_BUILD_DIR}/${FRAMEWORKS_FOLDER_PATH}/Nimble.framework",
				"${TARGET_BUILD_DIR}/${FRAMEWORKS_FOLDER_PATH}/Quick.framework",
			);
			runOnlyForDeploymentPostprocessing = 0;
			shellPath = /bin/sh;
			shellScript = "\"${SRCROOT}/Pods/Target Support Files/Pods-__PROJECTNAME__Tests/Pods-__PROJECTNAME__Tests-frameworks.sh\"\n";
			showEnvVarsInLog = 0;
		};
		3702F7C6A257A68212E99C33 /* [CP] Check Pods Manifest.lock */ = {
			isa = PBXShellScriptBuildPhase;
			buildActionMask = 2147483647;
			files = (
			);
			inputPaths = (
				"${PODS_PODFILE_DIR_PATH}/Podfile.lock",
				"${PODS_ROOT}/Manifest.lock",
			);
			name = "[CP] Check Pods Manifest.lock";
			outputPaths = (
				"$(DERIVED_FILE_DIR)/Pods-__PROJECTNAME__UITests-checkManifestLockResult.txt",
			);
			runOnlyForDeploymentPostprocessing = 0;
			shellPath = /bin/sh;
			shellScript = "diff \"${PODS_PODFILE_DIR_PATH}/Podfile.lock\" \"${PODS_ROOT}/Manifest.lock\" > /dev/null\nif [ $? != 0 ] ; then\n    # print error to STDERR\n    echo \"error: The sandbox is not in sync with the Podfile.lock. Run 'pod install' or update your CocoaPods installation.\" >&2\n    exit 1\nfi\n# This output is used by Xcode 'outputs' to avoid re-running this script phase.\necho \"SUCCESS\" > \"${SCRIPT_OUTPUT_FILE_0}\"\n";
			showEnvVarsInLog = 0;
		};
		3BA9E78CAE39C14259FFDB8D /* [CP] Copy Pods Resources */ = {
			isa = PBXShellScriptBuildPhase;
			buildActionMask = 2147483647;
			files = (
			);
			inputPaths = (
			);
			name = "[CP] Copy Pods Resources";
			outputPaths = (
			);
			runOnlyForDeploymentPostprocessing = 0;
			shellPath = /bin/sh;
			shellScript = "\"${SRCROOT}/Pods/Target Support Files/Pods-__PROJECTNAME__Tests/Pods-__PROJECTNAME__Tests-resources.sh\"\n";
			showEnvVarsInLog = 0;
		};
		4A7F4D7C7205C44A88AE9CB0 /* [CP] Copy Pods Resources */ = {
			isa = PBXShellScriptBuildPhase;
			buildActionMask = 2147483647;
			files = (
			);
			inputPaths = (
			);
			name = "[CP] Copy Pods Resources";
			outputPaths = (
			);
			runOnlyForDeploymentPostprocessing = 0;
			shellPath = /bin/sh;
			shellScript = "\"${SRCROOT}/Pods/Target Support Files/Pods-__PROJECTNAME__UITests/Pods-__PROJECTNAME__UITests-resources.sh\"\n";
			showEnvVarsInLog = 0;
		};
		7EEF49CE5819367BD47438C6 /* [CP] Embed Pods Frameworks */ = {
			isa = PBXShellScriptBuildPhase;
			buildActionMask = 2147483647;
			files = (
			);
			inputPaths = (
				"${SRCROOT}/Pods/Target Support Files/Pods-__PROJECTNAME__UITests/Pods-__PROJECTNAME__UITests-frameworks.sh",
				"${BUILT_PRODUCTS_DIR}/Nimble/Nimble.framework",
				"${BUILT_PRODUCTS_DIR}/Quick/Quick.framework",
			);
			name = "[CP] Embed Pods Frameworks";
			outputPaths = (
				"${TARGET_BUILD_DIR}/${FRAMEWORKS_FOLDER_PATH}/Nimble.framework",
				"${TARGET_BUILD_DIR}/${FRAMEWORKS_FOLDER_PATH}/Quick.framework",
			);
			runOnlyForDeploymentPostprocessing = 0;
			shellPath = /bin/sh;
			shellScript = "\"${SRCROOT}/Pods/Target Support Files/Pods-__PROJECTNAME__UITests/Pods-__PROJECTNAME__UITests-frameworks.sh\"\n";
			showEnvVarsInLog = 0;
		};
		8959D9DCC3E5589D2ECAF23F /* [CP] Check Pods Manifest.lock */ = {
			isa = PBXShellScriptBuildPhase;
			buildActionMask = 2147483647;
			files = (
			);
			inputPaths = (
				"${PODS_PODFILE_DIR_PATH}/Podfile.lock",
				"${PODS_ROOT}/Manifest.lock",
			);
			name = "[CP] Check Pods Manifest.lock";
			outputPaths = (
				"$(DERIVED_FILE_DIR)/Pods-__PROJECTNAME__-checkManifestLockResult.txt",
			);
			runOnlyForDeploymentPostprocessing = 0;
			shellPath = /bin/sh;
			shellScript = "diff \"${PODS_PODFILE_DIR_PATH}/Podfile.lock\" \"${PODS_ROOT}/Manifest.lock\" > /dev/null\nif [ $? != 0 ] ; then\n    # print error to STDERR\n    echo \"error: The sandbox is not in sync with the Podfile.lock. Run 'pod install' or update your CocoaPods installation.\" >&2\n    exit 1\nfi\n# This output is used by Xcode 'outputs' to avoid re-running this script phase.\necho \"SUCCESS\" > \"${SCRIPT_OUTPUT_FILE_0}\"\n";
			showEnvVarsInLog = 0;
		};
		946C7A49023B9B4FA89713FD /* [CP] Check Pods Manifest.lock */ = {
			isa = PBXShellScriptBuildPhase;
			buildActionMask = 2147483647;
			files = (
			);
			inputPaths = (
				"${PODS_PODFILE_DIR_PATH}/Podfile.lock",
				"${PODS_ROOT}/Manifest.lock",
			);
			name = "[CP] Check Pods Manifest.lock";
			outputPaths = (
				"$(DERIVED_FILE_DIR)/Pods-__PROJECTNAME__Tests-checkManifestLockResult.txt",
			);
			runOnlyForDeploymentPostprocessing = 0;
			shellPath = /bin/sh;
			shellScript = "diff \"${PODS_PODFILE_DIR_PATH}/Podfile.lock\" \"${PODS_ROOT}/Manifest.lock\" > /dev/null\nif [ $? != 0 ] ; then\n    # print error to STDERR\n    echo \"error: The sandbox is not in sync with the Podfile.lock. Run 'pod install' or update your CocoaPods installation.\" >&2\n    exit 1\nfi\n# This output is used by Xcode 'outputs' to avoid re-running this script phase.\necho \"SUCCESS\" > \"${SCRIPT_OUTPUT_FILE_0}\"\n";
			showEnvVarsInLog = 0;
		};
		BA02047A862050959F5AFD68 /* [CP] Copy Pods Resources */ = {
			isa = PBXShellScriptBuildPhase;
			buildActionMask = 2147483647;
			files = (
			);
			inputPaths = (
			);
			name = "[CP] Copy Pods Resources";
			outputPaths = (
			);
			runOnlyForDeploymentPostprocessing = 0;
			shellPath = /bin/sh;
			shellScript = "\"${SRCROOT}/Pods/Target Support Files/Pods-__PROJECTNAME__/Pods-__PROJECTNAME__-resources.sh\"\n";
			showEnvVarsInLog = 0;
		};
		C1DB0E2EE9580E4C9E96938B /* [CP] Embed Pods Frameworks */ = {
			isa = PBXShellScriptBuildPhase;
			buildActionMask = 2147483647;
			files = (
			);
			inputPaths = (
				"${SRCROOT}/Pods/Target Support Files/Pods-__PROJECTNAME__/Pods-__PROJECTNAME__-frameworks.sh",
				"${BUILT_PRODUCTS_DIR}/Alamofire/Alamofire.framework",
			);
			name = "[CP] Embed Pods Frameworks";
			outputPaths = (
				"${TARGET_BUILD_DIR}/${FRAMEWORKS_FOLDER_PATH}/Alamofire.framework",
			);
			runOnlyForDeploymentPostprocessing = 0;
			shellPath = /bin/sh;
			shellScript = "\"${SRCROOT}/Pods/Target Support Files/Pods-__PROJECTNAME__/Pods-__PROJECTNAME__-frameworks.sh\"\n";
			showEnvVarsInLog = 0;
		};
/* End PBXShellScriptBuildPhase section */

/* Begin PBXSourcesBuildPhase section */
		217C1D302050F0020087F6F0 /* Sources */ = {
			isa = PBXSourcesBuildPhase;
			buildActionMask = 2147483647;
			files = (
				217C1D3A2050F0020087F6F0 /* ViewController.swift in Sources */,
				217C1D382050F0020087F6F0 /* AppDelegate.swift in Sources */,
				216899C52057924A00217C63 /* Constants.swift in Sources */,
			);
			runOnlyForDeploymentPostprocessing = 0;
		};
		217C1D442050F0020087F6F0 /* Sources */ = {
			isa = PBXSourcesBuildPhase;
			buildActionMask = 2147483647;
			files = (
				217C1D4D2050F0020087F6F0 /* __PROJECTNAME__Tests.swift in Sources */,
			);
			runOnlyForDeploymentPostprocessing = 0;
		};
		217C1D4F2050F0020087F6F0 /* Sources */ = {
			isa = PBXSourcesBuildPhase;
			buildActionMask = 2147483647;
			files = (
				217C1D582050F0020087F6F0 /* __PROJECTNAME__UITests.swift in Sources */,
			);
			runOnlyForDeploymentPostprocessing = 0;
		};
		217C1D672050F5270087F6F0 /* Sources */ = {
			isa = PBXSourcesBuildPhase;
			buildActionMask = 2147483647;
			files = (
				217C1D682050F5270087F6F0 /* ViewController.swift in Sources */,
				217C1D692050F5270087F6F0 /* AppDelegate.swift in Sources */,
				216899C62057924A00217C63 /* Constants.swift in Sources */,
			);
			runOnlyForDeploymentPostprocessing = 0;
		};
/* End PBXSourcesBuildPhase section */

/* Begin PBXTargetDependency section */
		217C1D4A2050F0020087F6F0 /* PBXTargetDependency */ = {
			isa = PBXTargetDependency;
			target = 217C1D332050F0020087F6F0 /* __PROJECTNAME__ */;
			targetProxy = 217C1D492050F0020087F6F0 /* PBXContainerItemProxy */;
		};
		217C1D552050F0020087F6F0 /* PBXTargetDependency */ = {
			isa = PBXTargetDependency;
			target = 217C1D332050F0020087F6F0 /* __PROJECTNAME__ */;
			targetProxy = 217C1D542050F0020087F6F0 /* PBXContainerItemProxy */;
		};
/* End PBXTargetDependency section */

/* Begin PBXVariantGroup section */
		217C1D3B2050F0020087F6F0 /* Main.storyboard */ = {
			isa = PBXVariantGroup;
			children = (
				217C1D3C2050F0020087F6F0 /* Base */,
			);
			name = Main.storyboard;
			sourceTree = "<group>";
		};
		217C1D402050F0020087F6F0 /* LaunchScreen.storyboard */ = {
			isa = PBXVariantGroup;
			children = (
				217C1D412050F0020087F6F0 /* Base */,
			);
			name = LaunchScreen.storyboard;
			sourceTree = "<group>";
		};
/* End PBXVariantGroup section */

/* Begin XCBuildConfiguration section */
		217C1D5A2050F0020087F6F0 /* Debug */ = {
			isa = XCBuildConfiguration;
			buildSettings = {
				ALWAYS_SEARCH_USER_PATHS = NO;
				CLANG_ANALYZER_NONNULL = YES;
				CLANG_ANALYZER_NUMBER_OBJECT_CONVERSION = YES_AGGRESSIVE;
				CLANG_CXX_LANGUAGE_STANDARD = "gnu++14";
				CLANG_CXX_LIBRARY = "libc++";
				CLANG_ENABLE_MODULES = YES;
				CLANG_ENABLE_OBJC_ARC = YES;
				CLANG_WARN_BLOCK_CAPTURE_AUTORELEASING = YES;
				CLANG_WARN_BOOL_CONVERSION = YES;
				CLANG_WARN_COMMA = YES;
				CLANG_WARN_CONSTANT_CONVERSION = YES;
				CLANG_WARN_DIRECT_OBJC_ISA_USAGE = YES_ERROR;
				CLANG_WARN_DOCUMENTATION_COMMENTS = YES;
				CLANG_WARN_EMPTY_BODY = YES;
				CLANG_WARN_ENUM_CONVERSION = YES;
				CLANG_WARN_INFINITE_RECURSION = YES;
				CLANG_WARN_INT_CONVERSION = YES;
				CLANG_WARN_NON_LITERAL_NULL_CONVERSION = YES;
				CLANG_WARN_OBJC_LITERAL_CONVERSION = YES;
				CLANG_WARN_OBJC_ROOT_CLASS = YES_ERROR;
				CLANG_WARN_RANGE_LOOP_ANALYSIS = YES;
				CLANG_WARN_STRICT_PROTOTYPES = YES;
				CLANG_WARN_SUSPICIOUS_MOVE = YES;
				CLANG_WARN_UNGUARDED_AVAILABILITY = YES_AGGRESSIVE;
				CLANG_WARN_UNREACHABLE_CODE = YES;
				CLANG_WARN__DUPLICATE_METHOD_MATCH = YES;
				CODE_SIGN_IDENTITY = "iPhone Developer";
				COPY_PHASE_STRIP = NO;
				DEBUG_INFORMATION_FORMAT = dwarf;
				ENABLE_STRICT_OBJC_MSGSEND = YES;
				ENABLE_TESTABILITY = YES;
				GCC_C_LANGUAGE_STANDARD = gnu11;
				GCC_DYNAMIC_NO_PIC = NO;
				GCC_NO_COMMON_BLOCKS = YES;
				GCC_OPTIMIZATION_LEVEL = 0;
				GCC_PREPROCESSOR_DEFINITIONS = (
					"DEBUG=1",
					"$(inherited)",
				);
				GCC_WARN_64_TO_32_BIT_CONVERSION = YES;
				GCC_WARN_ABOUT_RETURN_TYPE = YES_ERROR;
				GCC_WARN_UNDECLARED_SELECTOR = YES;
				GCC_WARN_UNINITIALIZED_AUTOS = YES_AGGRESSIVE;
				GCC_WARN_UNUSED_FUNCTION = YES;
				GCC_WARN_UNUSED_VARIABLE = YES;
				IPHONEOS_DEPLOYMENT_TARGET = 9.0;
				MTL_ENABLE_DEBUG_INFO = YES;
				ONLY_ACTIVE_ARCH = YES;
				SDKROOT = iphoneos;
				SWIFT_ACTIVE_COMPILATION_CONDITIONS = DEBUG;
				SWIFT_OPTIMIZATION_LEVEL = "-Onone";
			};
			name = Debug;
		};
		217C1D5B2050F0020087F6F0 /* Release */ = {
			isa = XCBuildConfiguration;
			buildSettings = {
				ALWAYS_SEARCH_USER_PATHS = NO;
				CLANG_ANALYZER_NONNULL = YES;
				CLANG_ANALYZER_NUMBER_OBJECT_CONVERSION = YES_AGGRESSIVE;
				CLANG_CXX_LANGUAGE_STANDARD = "gnu++14";
				CLANG_CXX_LIBRARY = "libc++";
				CLANG_ENABLE_MODULES = YES;
				CLANG_ENABLE_OBJC_ARC = YES;
				CLANG_WARN_BLOCK_CAPTURE_AUTORELEASING = YES;
				CLANG_WARN_BOOL_CONVERSION = YES;
				CLANG_WARN_COMMA = YES;
				CLANG_WARN_CONSTANT_CONVERSION = YES;
				CLANG_WARN_DIRECT_OBJC_ISA_USAGE = YES_ERROR;
				CLANG_WARN_DOCUMENTATION_COMMENTS = YES;
				CLANG_WARN_EMPTY_BODY = YES;
				CLANG_WARN_ENUM_CONVERSION = YES;
				CLANG_WARN_INFINITE_RECURSION = YES;
				CLANG_WARN_INT_CONVERSION = YES;
				CLANG_WARN_NON_LITERAL_NULL_CONVERSION = YES;
				CLANG_WARN_OBJC_LITERAL_CONVERSION = YES;
				CLANG_WARN_OBJC_ROOT_CLASS = YES_ERROR;
				CLANG_WARN_RANGE_LOOP_ANALYSIS = YES;
				CLANG_WARN_STRICT_PROTOTYPES = YES;
				CLANG_WARN_SUSPICIOUS_MOVE = YES;
				CLANG_WARN_UNGUARDED_AVAILABILITY = YES_AGGRESSIVE;
				CLANG_WARN_UNREACHABLE_CODE = YES;
				CLANG_WARN__DUPLICATE_METHOD_MATCH = YES;
				CODE_SIGN_IDENTITY = "iPhone Developer";
				COPY_PHASE_STRIP = NO;
				DEBUG_INFORMATION_FORMAT = "dwarf-with-dsym";
				ENABLE_NS_ASSERTIONS = NO;
				ENABLE_STRICT_OBJC_MSGSEND = YES;
				GCC_C_LANGUAGE_STANDARD = gnu11;
				GCC_NO_COMMON_BLOCKS = YES;
				GCC_WARN_64_TO_32_BIT_CONVERSION = YES;
				GCC_WARN_ABOUT_RETURN_TYPE = YES_ERROR;
				GCC_WARN_UNDECLARED_SELECTOR = YES;
				GCC_WARN_UNINITIALIZED_AUTOS = YES_AGGRESSIVE;
				GCC_WARN_UNUSED_FUNCTION = YES;
				GCC_WARN_UNUSED_VARIABLE = YES;
				IPHONEOS_DEPLOYMENT_TARGET = 9.0;
				MTL_ENABLE_DEBUG_INFO = NO;
				SDKROOT = iphoneos;
				SWIFT_OPTIMIZATION_LEVEL = "-Owholemodule";
				VALIDATE_PRODUCT = YES;
			};
			name = Release;
		};
		217C1D5D2050F0020087F6F0 /* Debug */ = {
			isa = XCBuildConfiguration;
			baseConfigurationReference = 7282630ABBA1ED0818200DBE /* Pods-__PROJECTNAME__.debug.xcconfig */;
			buildSettings = {
				ASSETCATALOG_COMPILER_APPICON_NAME = AppIcon;
				CODE_SIGN_STYLE = Automatic;
				DEFINES_MODULE = YES;
				DEVELOPMENT_TEAM = 4TWS7E2EPE;
				INFOPLIST_FILE = __PROJECTNAME__/Application/Infos/Info.plist;
				LD_RUNPATH_SEARCH_PATHS = "$(inherited) @executable_path/Frameworks";
				OTHER_SWIFT_FLAGS = "$(inherited) -DPRODUCTION";
				PRODUCT_BUNDLE_IDENTIFIER = nimbl3.__PROJECTNAME__;
				PRODUCT_NAME = "$(TARGET_NAME)";
				SWIFT_VERSION = 4.0;
				TARGETED_DEVICE_FAMILY = "1,2";
			};
			name = Debug;
		};
		217C1D5E2050F0020087F6F0 /* Release */ = {
			isa = XCBuildConfiguration;
			baseConfigurationReference = B316E2781C4223CDEF021863 /* Pods-__PROJECTNAME__.release.xcconfig */;
			buildSettings = {
				ASSETCATALOG_COMPILER_APPICON_NAME = AppIcon;
				CODE_SIGN_STYLE = Automatic;
				DEFINES_MODULE = YES;
				DEVELOPMENT_TEAM = 4TWS7E2EPE;
				INFOPLIST_FILE = __PROJECTNAME__/Application/Infos/Info.plist;
				LD_RUNPATH_SEARCH_PATHS = "$(inherited) @executable_path/Frameworks";
				OTHER_SWIFT_FLAGS = "$(inherited) -DPRODUCTION";
				PRODUCT_BUNDLE_IDENTIFIER = nimbl3.__PROJECTNAME__;
				PRODUCT_NAME = "$(TARGET_NAME)";
				SWIFT_VERSION = 4.0;
				TARGETED_DEVICE_FAMILY = "1,2";
			};
			name = Release;
		};
		217C1D602050F0020087F6F0 /* Debug */ = {
			isa = XCBuildConfiguration;
			baseConfigurationReference = 5E0682DDABFB49EBA461409E /* Pods-__PROJECTNAME__Tests.debug.xcconfig */;
			buildSettings = {
				BUNDLE_LOADER = "$(TEST_HOST)";
				CODE_SIGN_STYLE = Automatic;
				DEVELOPMENT_TEAM = 4TWS7E2EPE;
				INFOPLIST_FILE = __PROJECTNAME__Tests/Info.plist;
				LD_RUNPATH_SEARCH_PATHS = "$(inherited) @executable_path/Frameworks @loader_path/Frameworks";
				OTHER_SWIFT_FLAGS = "$(inherited) -DTEST";
				PRODUCT_BUNDLE_IDENTIFIER = nimbl3.__PROJECTNAME__Tests;
				PRODUCT_NAME = "$(TARGET_NAME)";
				SWIFT_VERSION = 4.0;
				TARGETED_DEVICE_FAMILY = "1,2";
				TEST_HOST = "$(BUILT_PRODUCTS_DIR)/__PROJECTNAME__.app/__PROJECTNAME__";
			};
			name = Debug;
		};
		217C1D612050F0020087F6F0 /* Release */ = {
			isa = XCBuildConfiguration;
			baseConfigurationReference = 3BC08EB0126389173A1425B3 /* Pods-__PROJECTNAME__Tests.release.xcconfig */;
			buildSettings = {
				BUNDLE_LOADER = "$(TEST_HOST)";
				CODE_SIGN_STYLE = Automatic;
				DEVELOPMENT_TEAM = 4TWS7E2EPE;
				INFOPLIST_FILE = __PROJECTNAME__Tests/Info.plist;
				LD_RUNPATH_SEARCH_PATHS = "$(inherited) @executable_path/Frameworks @loader_path/Frameworks";
				OTHER_SWIFT_FLAGS = "$(inherited) -DTEST";
				PRODUCT_BUNDLE_IDENTIFIER = nimbl3.__PROJECTNAME__Tests;
				PRODUCT_NAME = "$(TARGET_NAME)";
				SWIFT_VERSION = 4.0;
				TARGETED_DEVICE_FAMILY = "1,2";
				TEST_HOST = "$(BUILT_PRODUCTS_DIR)/__PROJECTNAME__.app/__PROJECTNAME__";
			};
			name = Release;
		};
		217C1D632050F0020087F6F0 /* Debug */ = {
			isa = XCBuildConfiguration;
			baseConfigurationReference = B3713050AF6D8CA4911749D2 /* Pods-__PROJECTNAME__UITests.debug.xcconfig */;
			buildSettings = {
				CODE_SIGN_STYLE = Automatic;
				DEVELOPMENT_TEAM = 4TWS7E2EPE;
				INFOPLIST_FILE = __PROJECTNAME__UITests/Info.plist;
				LD_RUNPATH_SEARCH_PATHS = "$(inherited) @executable_path/Frameworks @loader_path/Frameworks";
				OTHER_SWIFT_FLAGS = "$(inherited) -DTEST";
				PRODUCT_BUNDLE_IDENTIFIER = nimbl3.__PROJECTNAME__UITests;
				PRODUCT_NAME = "$(TARGET_NAME)";
				SWIFT_VERSION = 4.0;
				TARGETED_DEVICE_FAMILY = "1,2";
				TEST_TARGET_NAME = "{project-name}";
			};
			name = Debug;
		};
		217C1D642050F0020087F6F0 /* Release */ = {
			isa = XCBuildConfiguration;
			baseConfigurationReference = AD2D7B9174C3D80BE71092B8 /* Pods-__PROJECTNAME__UITests.release.xcconfig */;
			buildSettings = {
				CODE_SIGN_STYLE = Automatic;
				DEVELOPMENT_TEAM = 4TWS7E2EPE;
				INFOPLIST_FILE = __PROJECTNAME__UITests/Info.plist;
				LD_RUNPATH_SEARCH_PATHS = "$(inherited) @executable_path/Frameworks @loader_path/Frameworks";
				OTHER_SWIFT_FLAGS = "$(inherited) -DTEST";
				PRODUCT_BUNDLE_IDENTIFIER = nimbl3.__PROJECTNAME__UITests;
				PRODUCT_NAME = "$(TARGET_NAME)";
				SWIFT_VERSION = 4.0;
				TARGETED_DEVICE_FAMILY = "1,2";
				TEST_TARGET_NAME = "{project-name}";
			};
			name = Release;
		};
		217C1D732050F5270087F6F0 /* Debug */ = {
			isa = XCBuildConfiguration;
			baseConfigurationReference = 097B219A8527268F852E6928 /* Pods-__PROJECTNAME__ staging.debug.xcconfig */;
			buildSettings = {
				ASSETCATALOG_COMPILER_APPICON_NAME = AppIcon;
				CODE_SIGN_STYLE = Automatic;
				DEFINES_MODULE = YES;
				DEVELOPMENT_TEAM = 4TWS7E2EPE;
				INFOPLIST_FILE = "__PROJECTNAME__/Application/Constants/__PROJECTNAME__ staging-Info.plist";
				LD_RUNPATH_SEARCH_PATHS = "$(inherited) @executable_path/Frameworks";
				OTHER_SWIFT_FLAGS = "$(inherited) -DSTAGING";
				PRODUCT_BUNDLE_IDENTIFIER = nimbl3.__PROJECTNAME__.staging;
				PRODUCT_NAME = "$(TARGET_NAME)";
				SWIFT_VERSION = 4.0;
				TARGETED_DEVICE_FAMILY = "1,2";
			};
			name = Debug;
		};
		217C1D742050F5270087F6F0 /* Release */ = {
			isa = XCBuildConfiguration;
			baseConfigurationReference = B37FB3B7E65E8DC245BD31F1 /* Pods-__PROJECTNAME__ staging.release.xcconfig */;
			buildSettings = {
				ASSETCATALOG_COMPILER_APPICON_NAME = AppIcon;
				CODE_SIGN_STYLE = Automatic;
				DEFINES_MODULE = YES;
				DEVELOPMENT_TEAM = 4TWS7E2EPE;
				INFOPLIST_FILE = "__PROJECTNAME__/Application/Constants/__PROJECTNAME__ staging-Info.plist";
				LD_RUNPATH_SEARCH_PATHS = "$(inherited) @executable_path/Frameworks";
				OTHER_SWIFT_FLAGS = "$(inherited) -DSTAGING";
				PRODUCT_BUNDLE_IDENTIFIER = nimbl3.__PROJECTNAME__.staging;
				PRODUCT_NAME = "$(TARGET_NAME)";
				SWIFT_VERSION = 4.0;
				TARGETED_DEVICE_FAMILY = "1,2";
			};
			name = Release;
		};
/* End XCBuildConfiguration section */

/* Begin XCConfigurationList section */
		217C1D2F2050F0020087F6F0 /* Build configuration list for PBXProject "__PROJECTNAME__" */ = {
			isa = XCConfigurationList;
			buildConfigurations = (
				217C1D5A2050F0020087F6F0 /* Debug */,
				217C1D5B2050F0020087F6F0 /* Release */,
			);
			defaultConfigurationIsVisible = 0;
			defaultConfigurationName = Release;
		};
		217C1D5C2050F0020087F6F0 /* Build configuration list for PBXNativeTarget "__PROJECTNAME__" */ = {
			isa = XCConfigurationList;
			buildConfigurations = (
				217C1D5D2050F0020087F6F0 /* Debug */,
				217C1D5E2050F0020087F6F0 /* Release */,
			);
			defaultConfigurationIsVisible = 0;
			defaultConfigurationName = Release;
		};
		217C1D5F2050F0020087F6F0 /* Build configuration list for PBXNativeTarget "__PROJECTNAME__Tests" */ = {
			isa = XCConfigurationList;
			buildConfigurations = (
				217C1D602050F0020087F6F0 /* Debug */,
				217C1D612050F0020087F6F0 /* Release */,
			);
			defaultConfigurationIsVisible = 0;
			defaultConfigurationName = Release;
		};
		217C1D622050F0020087F6F0 /* Build configuration list for PBXNativeTarget "__PROJECTNAME__UITests" */ = {
			isa = XCConfigurationList;
			buildConfigurations = (
				217C1D632050F0020087F6F0 /* Debug */,
				217C1D642050F0020087F6F0 /* Release */,
			);
			defaultConfigurationIsVisible = 0;
			defaultConfigurationName = Release;
		};
		217C1D722050F5270087F6F0 /* Build configuration list for PBXNativeTarget "__PROJECTNAME__ staging" */ = {
			isa = XCConfigurationList;
			buildConfigurations = (
				217C1D732050F5270087F6F0 /* Debug */,
				217C1D742050F5270087F6F0 /* Release */,
			);
			defaultConfigurationIsVisible = 0;
			defaultConfigurationName = Release;
		};
/* End XCConfigurationList section */
	};
	rootObject = 217C1D2C2050F0020087F6F0 /* Project object */;
}
