{
  "pins" : [
    {
      "identity" : "ansiterminal",
      "kind" : "remoteSourceControl",
      "location" : "https://github.com/pakLebah/ANSITerminal.git",
      "state" : {
        "revision" : "8e24fab68c660eca1244a95019ec69a11400d62b",
        "version" : "0.0.3"
      }
    },
    {
      "identity" : "swift-argument-parser",
      "kind" : "remoteSourceControl",
      "location" : "https://github.com/apple/swift-argument-parser.git",
      "state" : {
        "revision" : "8f4d2753f0e4778c76d5f05ad16c74f707390531",
        "version" : "1.2.3"
      }
    }
  ],
  "version" : 2
}
